
Microsoft Visual Studio Solution File, Format Version 12.00
# Visual Studio 2012
Project("{8BC9CEB8-8B4A-11D0-8D11-00A0C91BC942}") = "21.09.2020_Bojidar_TestProject", "21.09.2020_Bojidar_TestProject\21.09.2020_Bojidar_TestProject.vcxproj", "{D72AFCB1-5E02-4215-94C4-891EDC121BB0}"
EndProject
Global
	GlobalSection(SolutionConfigurationPlatforms) = preSolution
		Debug|Win32 = Debug|Win32
		Release|Win32 = Release|Win32
	EndGlobalSection
	GlobalSection(ProjectConfigurationPlatforms) = postSolution
		{D72AFCB1-5E02-4215-94C4-891EDC121BB0}.Debug|Win32.ActiveCfg = Debug|Win32
		{D72AFCB1-5E02-4215-94C4-891EDC121BB0}.Debug|Win32.Build.0 = Debug|Win32
		{D72AFCB1-5E02-4215-94C4-891EDC121BB0}.Release|Win32.ActiveCfg = Release|Win32
		{D72AFCB1-5E02-4215-94C4-891EDC121BB0}.Release|Win32.Build.0 = Release|Win32
	EndGlobalSection
	GlobalSection(SolutionProperties) = preSolution
		HideSolutionNode = FALSE
	EndGlobalSection
EndGlobal
